
Microsoft Visual Studio Solution File, Format Version 12.00
# Visual Studio Version 16
VisualStudioVersion = 25.0.1705.4
MinimumVisualStudioVersion = 10.0.40219.1
Project("{FAE04EC0-301F-11D3-BF4B-00C04F79EFBC}") = "Restaurant_management_system.WebUI", "Restaurant_management_system.WebUI\Restaurant_management_system.WebUI.csproj", "{14AE1201-737C-4785-A198-79F95979DB3B}"
EndProject
Project("{FAE04EC0-301F-11D3-BF4B-00C04F79EFBC}") = "Restaurant_management_system.Core", "Restaurant_management_system.Core\Restaurant_management_system.Core.csproj", "{C742A302-C354-489B-8D63-6F65B3FC1B91}"
EndProject
Project("{FAE04EC0-301F-11D3-BF4B-00C04F79EFBC}") = "Restaurant_management_system.Infrastructure", "Restaurant_management_system.Infrastructure\Restaurant_management_system.Infrastructure.csproj", "{DE87A55B-2AFA-4254-8BB9-0E94485B2380}"
EndProject
Project("{FAE04EC0-301F-11D3-BF4B-00C04F79EFBC}") = "IdentityServer", "IdentityServer\IdentityServer.csproj", "{78181DB1-1198-4C2C-BC40-1E5FCBD9A74C}"
EndProject
Project("{FAE04EC0-301F-11D3-BF4B-00C04F79EFBC}") = "WebClient", "WebClient\WebClient.csproj", "{69BD6539-BC43-4096-A525-CBAF405AB9EA}"
EndProject
Global
	GlobalSection(SolutionConfigurationPlatforms) = preSolution
		Debug|Any CPU = Debug|Any CPU
		Release|Any CPU = Release|Any CPU
	EndGlobalSection
	GlobalSection(ProjectConfigurationPlatforms) = postSolution
		{14AE1201-737C-4785-A198-79F95979DB3B}.Debug|Any CPU.ActiveCfg = Debug|Any CPU
		{14AE1201-737C-4785-A198-79F95979DB3B}.Debug|Any CPU.Build.0 = Debug|Any CPU
		{14AE1201-737C-4785-A198-79F95979DB3B}.Release|Any CPU.ActiveCfg = Release|Any CPU
		{14AE1201-737C-4785-A198-79F95979DB3B}.Release|Any CPU.Build.0 = Release|Any CPU
		{C742A302-C354-489B-8D63-6F65B3FC1B91}.Debug|Any CPU.ActiveCfg = Debug|Any CPU
		{C742A302-C354-489B-8D63-6F65B3FC1B91}.Debug|Any CPU.Build.0 = Debug|Any CPU
		{C742A302-C354-489B-8D63-6F65B3FC1B91}.Release|Any CPU.ActiveCfg = Release|Any CPU
		{C742A302-C354-489B-8D63-6F65B3FC1B91}.Release|Any CPU.Build.0 = Release|Any CPU
		{DE87A55B-2AFA-4254-8BB9-0E94485B2380}.Debug|Any CPU.ActiveCfg = Debug|Any CPU
		{DE87A55B-2AFA-4254-8BB9-0E94485B2380}.Debug|Any CPU.Build.0 = Debug|Any CPU
		{DE87A55B-2AFA-4254-8BB9-0E94485B2380}.Release|Any CPU.ActiveCfg = Release|Any CPU
		{DE87A55B-2AFA-4254-8BB9-0E94485B2380}.Release|Any CPU.Build.0 = Release|Any CPU
		{78181DB1-1198-4C2C-BC40-1E5FCBD9A74C}.Debug|Any CPU.ActiveCfg = Debug|Any CPU
		{78181DB1-1198-4C2C-BC40-1E5FCBD9A74C}.Debug|Any CPU.Build.0 = Debug|Any CPU
		{78181DB1-1198-4C2C-BC40-1E5FCBD9A74C}.Release|Any CPU.ActiveCfg = Release|Any CPU
		{78181DB1-1198-4C2C-BC40-1E5FCBD9A74C}.Release|Any CPU.Build.0 = Release|Any CPU
		{69BD6539-BC43-4096-A525-CBAF405AB9EA}.Debug|Any CPU.ActiveCfg = Debug|Any CPU
		{69BD6539-BC43-4096-A525-CBAF405AB9EA}.Debug|Any CPU.Build.0 = Debug|Any CPU
		{69BD6539-BC43-4096-A525-CBAF405AB9EA}.Release|Any CPU.ActiveCfg = Release|Any CPU
		{69BD6539-BC43-4096-A525-CBAF405AB9EA}.Release|Any CPU.Build.0 = Release|Any CPU
	EndGlobalSection
	GlobalSection(SolutionProperties) = preSolution
		HideSolutionNode = FALSE
	EndGlobalSection
	GlobalSection(ExtensibilityGlobals) = postSolution
		SolutionGuid = {1D676C95-5C22-4D50-940C-D3E62458706C}
	EndGlobalSection
EndGlobal
